
Microsoft Visual Studio Solution File, Format Version 12.00
# Visual Studio 14
VisualStudioVersion = 14.0.25420.1
MinimumVisualStudioVersion = 10.0.40219.1
Project("{FAE04EC0-301F-11D3-BF4B-00C04F79EFBC}") = "Dictionarycollection", "Dictionarycollection\Dictionarycollection.csproj", "{FDA7D609-3D77-4CEB-B4DE-12F46899D88D}"
EndProject
Global
	GlobalSection(SolutionConfigurationPlatforms) = preSolution
		Debug|Any CPU = Debug|Any CPU
		Release|Any CPU = Release|Any CPU
	EndGlobalSection
	GlobalSection(ProjectConfigurationPlatforms) = postSolution
		{FDA7D609-3D77-4CEB-B4DE-12F46899D88D}.Debug|Any CPU.ActiveCfg = Debug|Any CPU
		{FDA7D609-3D77-4CEB-B4DE-12F46899D88D}.Debug|Any CPU.Build.0 = Debug|Any CPU
		{FDA7D609-3D77-4CEB-B4DE-12F46899D88D}.Release|Any CPU.ActiveCfg = Release|Any CPU
		{FDA7D609-3D77-4CEB-B4DE-12F46899D88D}.Release|Any CPU.Build.0 = Release|Any CPU
	EndGlobalSection
	GlobalSection(SolutionProperties) = preSolution
		HideSolutionNode = FALSE
	EndGlobalSection
EndGlobal
