
Microsoft Visual Studio Solution File, Format Version 12.00
# Visual Studio 15
Project("{FAE04EC0-301F-11D3-BF4B-00C04F79EFBC}") = "Poker", "Poker\Poker.csproj", "{4409A98B-0B7B-42C2-8024-5EA6501E79C7}"
EndProject
Global
	GlobalSection(SolutionConfigurationPlatforms) = preSolution
		Debug|anycpu = Debug|anycpu
		Release|anycpu = Release|anycpu
	EndGlobalSection
	GlobalSection(ProjectConfigurationPlatforms) = postSolution
		{4409A98B-0B7B-42C2-8024-5EA6501E79C7}.Debug|anycpu.ActiveCfg = Debug|anycpu
		{4409A98B-0B7B-42C2-8024-5EA6501E79C7}.Debug|anycpu.Build.0 = Debug|anycpu
		{4409A98B-0B7B-42C2-8024-5EA6501E79C7}.Release|anycpu.ActiveCfg = Release|anycpu
		{4409A98B-0B7B-42C2-8024-5EA6501E79C7}.Release|anycpu.Build.0 = Release|anycpu
	EndGlobalSection
EndGlobal
